
Microsoft Visual Studio Solution File, Format Version 12.00
# Visual Studio Version 16
VisualStudioVersion = 16.0.30128.74
MinimumVisualStudioVersion = 10.0.40219.1
Project("{FAE04EC0-301F-11D3-BF4B-00C04F79EFBC}") = "Phanmem2", "Phanmem2\Phanmem2.csproj", "{2E80223D-82AA-4C08-B621-87FAA69D97DB}"
EndProject
Global
	GlobalSection(SolutionConfigurationPlatforms) = preSolution
		Debug|Any CPU = Debug|Any CPU
		Release|Any CPU = Release|Any CPU
	EndGlobalSection
	GlobalSection(ProjectConfigurationPlatforms) = postSolution
		{2E80223D-82AA-4C08-B621-87FAA69D97DB}.Debug|Any CPU.ActiveCfg = Debug|Any CPU
		{2E80223D-82AA-4C08-B621-87FAA69D97DB}.Debug|Any CPU.Build.0 = Debug|Any CPU
		{2E80223D-82AA-4C08-B621-87FAA69D97DB}.Release|Any CPU.ActiveCfg = Release|Any CPU
		{2E80223D-82AA-4C08-B621-87FAA69D97DB}.Release|Any CPU.Build.0 = Release|Any CPU
	EndGlobalSection
	GlobalSection(SolutionProperties) = preSolution
		HideSolutionNode = FALSE
	EndGlobalSection
	GlobalSection(ExtensibilityGlobals) = postSolution
		SolutionGuid = {87E681D9-FA80-433B-B2B6-A9D7B7D4A6AF}
	EndGlobalSection
EndGlobal
